// !$*UTF8*$!
{
	archiveVersion = 1;
	classes = {
	};
	objectVersion = 77;
	objects = {

/* Begin PBXBuildFile section */
		510640F92EC5BC6F00828B28 /* CoreModule.xcframework in Frameworks */ = {isa = PBXBuildFile; fileRef = 510640F82EC5BC6F00828B28 /* CoreModule.xcframework */; };
		510640FA2EC5BC6F00828B28 /* CoreModule.xcframework in Embed Frameworks */ = {isa = PBXBuildFile; fileRef = 510640F82EC5BC6F00828B28 /* CoreModule.xcframework */; settings = {ATTRIBUTES = (CodeSignOnCopy, RemoveHeadersOnCopy, ); }; };
		510640FC2EC5BC7C00828B28 /* StaffStart__App.xcframework in Frameworks */ = {isa = PBXBuildFile; fileRef = 510640FB2EC5BC7C00828B28 /* StaffStart__App.xcframework */; };
		510640FD2EC5BC7C00828B28 /* StaffStart__App.xcframework in Embed Frameworks */ = {isa = PBXBuildFile; fileRef = 510640FB2EC5BC7C00828B28 /* StaffStart__App.xcframework */; settings = {ATTRIBUTES = (CodeSignOnCopy, RemoveHeadersOnCopy, ); }; };
		510640FF2EC5BC8500828B28 /* StaffStart__Core.xcframework in Frameworks */ = {isa = PBXBuildFile; fileRef = 510640FE2EC5BC8500828B28 /* StaffStart__Core.xcframework */; };
		510641002EC5BC8500828B28 /* StaffStart__Core.xcframework in Embed Frameworks */ = {isa = PBXBuildFile; fileRef = 510640FE2EC5BC8500828B28 /* StaffStart__Core.xcframework */; settings = {ATTRIBUTES = (CodeSignOnCopy, RemoveHeadersOnCopy, ); }; };
		510641022EC5BC8E00828B28 /* StaffStart__Tracking.xcframework in Frameworks */ = {isa = PBXBuildFile; fileRef = 510641012EC5BC8E00828B28 /* StaffStart__Tracking.xcframework */; };
		510641032EC5BC8F00828B28 /* StaffStart__Tracking.xcframework in Embed Frameworks */ = {isa = PBXBuildFile; fileRef = 510641012EC5BC8E00828B28 /* StaffStart__Tracking.xcframework */; settings = {ATTRIBUTES = (CodeSignOnCopy, RemoveHeadersOnCopy, ); }; };
/* End PBXBuildFile section */

/* Begin PBXContainerItemProxy section */
		3A1A4E5D2CB56A870095B3DC /* PBXContainerItemProxy */ = {
			isa = PBXContainerItemProxy;
			containerPortal = 3A1A4E442CB56A860095B3DC /* Project object */;
			proxyType = 1;
			remoteGlobalIDString = 3A1A4E4B2CB56A860095B3DC;
			remoteInfo = Example;
		};
		3A1A4E672CB56A870095B3DC /* PBXContainerItemProxy */ = {
			isa = PBXContainerItemProxy;
			containerPortal = 3A1A4E442CB56A860095B3DC /* Project object */;
			proxyType = 1;
			remoteGlobalIDString = 3A1A4E4B2CB56A860095B3DC;
			remoteInfo = Example;
		};
/* End PBXContainerItemProxy section */

/* Begin PBXCopyFilesBuildPhase section */
		3AB809F12CC91607007B1D5E /* Embed Frameworks */ = {
			isa = PBXCopyFilesBuildPhase;
			buildActionMask = 2147483647;
			dstPath = "";
			dstSubfolderSpec = 10;
			files = (
				510640FA2EC5BC6F00828B28 /* CoreModule.xcframework in Embed Frameworks */,
				510641032EC5BC8F00828B28 /* StaffStart__Tracking.xcframework in Embed Frameworks */,
				510641002EC5BC8500828B28 /* StaffStart__Core.xcframework in Embed Frameworks */,
				510640FD2EC5BC7C00828B28 /* StaffStart__App.xcframework in Embed Frameworks */,
			);
			name = "Embed Frameworks";
			runOnlyForDeploymentPostprocessing = 0;
		};
/* End PBXCopyFilesBuildPhase section */

/* Begin PBXFileReference section */
		3A1A4E4C2CB56A860095B3DC /* Example.app */ = {isa = PBXFileReference; explicitFileType = wrapper.application; includeInIndex = 0; path = Example.app; sourceTree = BUILT_PRODUCTS_DIR; };
		3A1A4E5C2CB56A870095B3DC /* ExampleTests.xctest */ = {isa = PBXFileReference; explicitFileType = wrapper.cfbundle; includeInIndex = 0; path = ExampleTests.xctest; sourceTree = BUILT_PRODUCTS_DIR; };
		3A1A4E662CB56A870095B3DC /* ExampleUITests.xctest */ = {isa = PBXFileReference; explicitFileType = wrapper.cfbundle; includeInIndex = 0; path = ExampleUITests.xctest; sourceTree = BUILT_PRODUCTS_DIR; };
		510640F82EC5BC6F00828B28 /* CoreModule.xcframework */ = {isa = PBXFileReference; lastKnownFileType = wrapper.xcframework; name = CoreModule.xcframework; path = ../CoreModule.xcframework; sourceTree = "<group>"; };
		510640FB2EC5BC7C00828B28 /* StaffStart__App.xcframework */ = {isa = PBXFileReference; lastKnownFileType = wrapper.xcframework; name = StaffStart__App.xcframework; path = ../StaffStart__App.xcframework; sourceTree = "<group>"; };
		510640FE2EC5BC8500828B28 /* StaffStart__Core.xcframework */ = {isa = PBXFileReference; lastKnownFileType = wrapper.xcframework; name = StaffStart__Core.xcframework; path = ../StaffStart__Core.xcframework; sourceTree = "<group>"; };
		510641012EC5BC8E00828B28 /* StaffStart__Tracking.xcframework */ = {isa = PBXFileReference; lastKnownFileType = wrapper.xcframework; name = StaffStart__Tracking.xcframework; path = ../StaffStart__Tracking.xcframework; sourceTree = "<group>"; };
/* End PBXFileReference section */

/* Begin PBXFileSystemSynchronizedBuildFileExceptionSet section */
		3AC231432D3FC53E00E2BA81 /* Exceptions for "Example" folder in "Example" target */ = {
			isa = PBXFileSystemSynchronizedBuildFileExceptionSet;
			membershipExceptions = (
				Info.plist,
			);
			target = 3A1A4E4B2CB56A860095B3DC /* Example */;
		};
/* End PBXFileSystemSynchronizedBuildFileExceptionSet section */

/* Begin PBXFileSystemSynchronizedRootGroup section */
		3A1A4E4E2CB56A860095B3DC /* Example */ = {
			isa = PBXFileSystemSynchronizedRootGroup;
			exceptions = (
				3AC231432D3FC53E00E2BA81 /* Exceptions for "Example" folder in "Example" target */,
			);
			path = Example;
			sourceTree = "<group>";
		};
		3A1A4E5F2CB56A870095B3DC /* ExampleTests */ = {
			isa = PBXFileSystemSynchronizedRootGroup;
			path = ExampleTests;
			sourceTree = "<group>";
		};
		3A1A4E692CB56A870095B3DC /* ExampleUITests */ = {
			isa = PBXFileSystemSynchronizedRootGroup;
			path = ExampleUITests;
			sourceTree = "<group>";
		};
/* End PBXFileSystemSynchronizedRootGroup section */

/* Begin PBXFrameworksBuildPhase section */
		3A1A4E492CB56A860095B3DC /* Frameworks */ = {
			isa = PBXFrameworksBuildPhase;
			buildActionMask = 2147483647;
			files = (
				510640F92EC5BC6F00828B28 /* CoreModule.xcframework in Frameworks */,
				510641022EC5BC8E00828B28 /* StaffStart__Tracking.xcframework in Frameworks */,
				510640FF2EC5BC8500828B28 /* StaffStart__Core.xcframework in Frameworks */,
				510640FC2EC5BC7C00828B28 /* StaffStart__App.xcframework in Frameworks */,
			);
			runOnlyForDeploymentPostprocessing = 0;
		};
		3A1A4E592CB56A870095B3DC /* Frameworks */ = {
			isa = PBXFrameworksBuildPhase;
			buildActionMask = 2147483647;
			files = (
			);
			runOnlyForDeploymentPostprocessing = 0;
		};
		3A1A4E632CB56A870095B3DC /* Frameworks */ = {
			isa = PBXFrameworksBuildPhase;
			buildActionMask = 2147483647;
			files = (
			);
			runOnlyForDeploymentPostprocessing = 0;
		};
/* End PBXFrameworksBuildPhase section */

/* Begin PBXGroup section */
		3A1A4E432CB56A860095B3DC = {
			isa = PBXGroup;
			children = (
				3A1A4E4E2CB56A860095B3DC /* Example */,
				3A1A4E5F2CB56A870095B3DC /* ExampleTests */,
				3A1A4E692CB56A870095B3DC /* ExampleUITests */,
				3A1A4E872CB56B870095B3DC /* Frameworks */,
				3A1A4E4D2CB56A860095B3DC /* Products */,
			);
			sourceTree = "<group>";
		};
		3A1A4E4D2CB56A860095B3DC /* Products */ = {
			isa = PBXGroup;
			children = (
				3A1A4E4C2CB56A860095B3DC /* Example.app */,
				3A1A4E5C2CB56A870095B3DC /* ExampleTests.xctest */,
				3A1A4E662CB56A870095B3DC /* ExampleUITests.xctest */,
			);
			name = Products;
			sourceTree = "<group>";
		};
		3A1A4E872CB56B870095B3DC /* Frameworks */ = {
			isa = PBXGroup;
			children = (
				510641012EC5BC8E00828B28 /* StaffStart__Tracking.xcframework */,
				510640FE2EC5BC8500828B28 /* StaffStart__Core.xcframework */,
				510640FB2EC5BC7C00828B28 /* StaffStart__App.xcframework */,
				510640F82EC5BC6F00828B28 /* CoreModule.xcframework */,
			);
			name = Frameworks;
			sourceTree = "<group>";
		};
/* End PBXGroup section */

/* Begin PBXNativeTarget section */
		3A1A4E4B2CB56A860095B3DC /* Example */ = {
			isa = PBXNativeTarget;
			buildConfigurationList = 3A1A4E702CB56A870095B3DC /* Build configuration list for PBXNativeTarget "Example" */;
			buildPhases = (
				3A1A4E482CB56A860095B3DC /* Sources */,
				3A1A4E492CB56A860095B3DC /* Frameworks */,
				3A1A4E4A2CB56A860095B3DC /* Resources */,
				3AB809F12CC91607007B1D5E /* Embed Frameworks */,
			);
			buildRules = (
			);
			dependencies = (
			);
			fileSystemSynchronizedGroups = (
				3A1A4E4E2CB56A860095B3DC /* Example */,
			);
			name = Example;
			packageProductDependencies = (
			);
			productName = Example;
			productReference = 3A1A4E4C2CB56A860095B3DC /* Example.app */;
			productType = "com.apple.product-type.application";
		};
		3A1A4E5B2CB56A870095B3DC /* ExampleTests */ = {
			isa = PBXNativeTarget;
			buildConfigurationList = 3A1A4E732CB56A870095B3DC /* Build configuration list for PBXNativeTarget "ExampleTests" */;
			buildPhases = (
				3A1A4E582CB56A870095B3DC /* Sources */,
				3A1A4E592CB56A870095B3DC /* Frameworks */,
				3A1A4E5A2CB56A870095B3DC /* Resources */,
			);
			buildRules = (
			);
			dependencies = (
				3A1A4E5E2CB56A870095B3DC /* PBXTargetDependency */,
			);
			fileSystemSynchronizedGroups = (
				3A1A4E5F2CB56A870095B3DC /* ExampleTests */,
			);
			name = ExampleTests;
			packageProductDependencies = (
			);
			productName = ExampleTests;
			productReference = 3A1A4E5C2CB56A870095B3DC /* ExampleTests.xctest */;
			productType = "com.apple.product-type.bundle.unit-test";
		};
		3A1A4E652CB56A870095B3DC /* ExampleUITests */ = {
			isa = PBXNativeTarget;
			buildConfigurationList = 3A1A4E762CB56A870095B3DC /* Build configuration list for PBXNativeTarget "ExampleUITests" */;
			buildPhases = (
				3A1A4E622CB56A870095B3DC /* Sources */,
				3A1A4E632CB56A870095B3DC /* Frameworks */,
				3A1A4E642CB56A870095B3DC /* Resources */,
			);
			buildRules = (
			);
			dependencies = (
				3A1A4E682CB56A870095B3DC /* PBXTargetDependency */,
			);
			fileSystemSynchronizedGroups = (
				3A1A4E692CB56A870095B3DC /* ExampleUITests */,
			);
			name = ExampleUITests;
			packageProductDependencies = (
			);
			productName = ExampleUITests;
			productReference = 3A1A4E662CB56A870095B3DC /* ExampleUITests.xctest */;
			productType = "com.apple.product-type.bundle.ui-testing";
		};
/* End PBXNativeTarget section */

/* Begin PBXProject section */
		3A1A4E442CB56A860095B3DC /* Project object */ = {
			isa = PBXProject;
			attributes = {
				BuildIndependentTargetsInParallel = 1;
				LastSwiftUpdateCheck = 1600;
				LastUpgradeCheck = 1600;
				ORGANIZATIONNAME = "VANISH STANDARD";
				TargetAttributes = {
					3A1A4E4B2CB56A860095B3DC = {
						CreatedOnToolsVersion = 16.0;
					};
					3A1A4E5B2CB56A870095B3DC = {
						CreatedOnToolsVersion = 16.0;
						TestTargetID = 3A1A4E4B2CB56A860095B3DC;
					};
					3A1A4E652CB56A870095B3DC = {
						CreatedOnToolsVersion = 16.0;
						TestTargetID = 3A1A4E4B2CB56A860095B3DC;
					};
				};
			};
			buildConfigurationList = 3A1A4E472CB56A860095B3DC /* Build configuration list for PBXProject "Example" */;
			developmentRegion = en;
			hasScannedForEncodings = 0;
			knownRegions = (
				en,
				Base,
			);
			mainGroup = 3A1A4E432CB56A860095B3DC;
			minimizedProjectReferenceProxies = 1;
			preferredProjectObjectVersion = 77;
			productRefGroup = 3A1A4E4D2CB56A860095B3DC /* Products */;
			projectDirPath = "";
			projectRoot = "";
			targets = (
				3A1A4E4B2CB56A860095B3DC /* Example */,
				3A1A4E5B2CB56A870095B3DC /* ExampleTests */,
				3A1A4E652CB56A870095B3DC /* ExampleUITests */,
			);
		};
/* End PBXProject section */

/* Begin PBXResourcesBuildPhase section */
		3A1A4E4A2CB56A860095B3DC /* Resources */ = {
			isa = PBXResourcesBuildPhase;
			buildActionMask = 2147483647;
			files = (
			);
			runOnlyForDeploymentPostprocessing = 0;
		};
		3A1A4E5A2CB56A870095B3DC /* Resources */ = {
			isa = PBXResourcesBuildPhase;
			buildActionMask = 2147483647;
			files = (
			);
			runOnlyForDeploymentPostprocessing = 0;
		};
		3A1A4E642CB56A870095B3DC /* Resources */ = {
			isa = PBXResourcesBuildPhase;
			buildActionMask = 2147483647;
			files = (
			);
			runOnlyForDeploymentPostprocessing = 0;
		};
/* End PBXResourcesBuildPhase section */

/* Begin PBXSourcesBuildPhase section */
		3A1A4E482CB56A860095B3DC /* Sources */ = {
			isa = PBXSourcesBuildPhase;
			buildActionMask = 2147483647;
			files = (
			);
			runOnlyForDeploymentPostprocessing = 0;
		};
		3A1A4E582CB56A870095B3DC /* Sources */ = {
			isa = PBXSourcesBuildPhase;
			buildActionMask = 2147483647;
			files = (
			);
			runOnlyForDeploymentPostprocessing = 0;
		};
		3A1A4E622CB56A870095B3DC /* Sources */ = {
			isa = PBXSourcesBuildPhase;
			buildActionMask = 2147483647;
			files = (
			);
			runOnlyForDeploymentPostprocessing = 0;
		};
/* End PBXSourcesBuildPhase section */

/* Begin PBXTargetDependency section */
		3A1A4E5E2CB56A870095B3DC /* PBXTargetDependency */ = {
			isa = PBXTargetDependency;
			target = 3A1A4E4B2CB56A860095B3DC /* Example */;
			targetProxy = 3A1A4E5D2CB56A870095B3DC /* PBXContainerItemProxy */;
		};
		3A1A4E682CB56A870095B3DC /* PBXTargetDependency */ = {
			isa = PBXTargetDependency;
			target = 3A1A4E4B2CB56A860095B3DC /* Example */;
			targetProxy = 3A1A4E672CB56A870095B3DC /* PBXContainerItemProxy */;
		};
/* End PBXTargetDependency section */

/* Begin XCBuildConfiguration section */
		3A1A4E6E2CB56A870095B3DC /* Debug */ = {
			isa = XCBuildConfiguration;
			buildSettings = {
				ALWAYS_SEARCH_USER_PATHS = NO;
				ASSETCATALOG_COMPILER_GENERATE_SWIFT_ASSET_SYMBOL_EXTENSIONS = YES;
				CLANG_ANALYZER_NONNULL = YES;
				CLANG_ANALYZER_NUMBER_OBJECT_CONVERSION = YES_AGGRESSIVE;
				CLANG_CXX_LANGUAGE_STANDARD = "gnu++20";
				CLANG_ENABLE_MODULES = YES;
				CLANG_ENABLE_OBJC_ARC = YES;
				CLANG_ENABLE_OBJC_WEAK = YES;
				CLANG_WARN_BLOCK_CAPTURE_AUTORELEASING = YES;
				CLANG_WARN_BOOL_CONVERSION = YES;
				CLANG_WARN_COMMA = YES;
				CLANG_WARN_CONSTANT_CONVERSION = YES;
				CLANG_WARN_DEPRECATED_OBJC_IMPLEMENTATIONS = YES;
				CLANG_WARN_DIRECT_OBJC_ISA_USAGE = YES_ERROR;
				CLANG_WARN_DOCUMENTATION_COMMENTS = YES;
				CLANG_WARN_EMPTY_BODY = YES;
				CLANG_WARN_ENUM_CONVERSION = YES;
				CLANG_WARN_INFINITE_RECURSION = YES;
				CLANG_WARN_INT_CONVERSION = YES;
				CLANG_WARN_NON_LITERAL_NULL_CONVERSION = YES;
				CLANG_WARN_OBJC_IMPLICIT_RETAIN_SELF = YES;
				CLANG_WARN_OBJC_LITERAL_CONVERSION = YES;
				CLANG_WARN_OBJC_ROOT_CLASS = YES_ERROR;
				CLANG_WARN_QUOTED_INCLUDE_IN_FRAMEWORK_HEADER = YES;
				CLANG_WARN_RANGE_LOOP_ANALYSIS = YES;
				CLANG_WARN_STRICT_PROTOTYPES = YES;
				CLANG_WARN_SUSPICIOUS_MOVE = YES;
				CLANG_WARN_UNGUARDED_AVAILABILITY = YES_AGGRESSIVE;
				CLANG_WARN_UNREACHABLE_CODE = YES;
				CLANG_WARN__DUPLICATE_METHOD_MATCH = YES;
				COPY_PHASE_STRIP = NO;
				DEBUG_INFORMATION_FORMAT = dwarf;
				ENABLE_STRICT_OBJC_MSGSEND = YES;
				ENABLE_TESTABILITY = YES;
				ENABLE_USER_SCRIPT_SANDBOXING = YES;
				GCC_C_LANGUAGE_STANDARD = gnu17;
				GCC_DYNAMIC_NO_PIC = NO;
				GCC_NO_COMMON_BLOCKS = YES;
				GCC_OPTIMIZATION_LEVEL = 0;
				GCC_PREPROCESSOR_DEFINITIONS = (
					"DEBUG=1",
					"$(inherited)",
				);
				GCC_WARN_64_TO_32_BIT_CONVERSION = YES;
				GCC_WARN_ABOUT_RETURN_TYPE = YES_ERROR;
				GCC_WARN_UNDECLARED_SELECTOR = YES;
				GCC_WARN_UNINITIALIZED_AUTOS = YES_AGGRESSIVE;
				GCC_WARN_UNUSED_FUNCTION = YES;
				GCC_WARN_UNUSED_VARIABLE = YES;
				IPHONEOS_DEPLOYMENT_TARGET = 18.0;
				LOCALIZATION_PREFERS_STRING_CATALOGS = YES;
				MTL_ENABLE_DEBUG_INFO = INCLUDE_SOURCE;
				MTL_FAST_MATH = YES;
				ONLY_ACTIVE_ARCH = YES;
				SDKROOT = iphoneos;
				SWIFT_ACTIVE_COMPILATION_CONDITIONS = "DEBUG $(inherited)";
				SWIFT_OPTIMIZATION_LEVEL = "-Onone";
				SWIFT_VERSION = 6.0;
			};
			name = Debug;
		};
		3A1A4E6F2CB56A870095B3DC /* Release */ = {
			isa = XCBuildConfiguration;
			buildSettings = {
				ALWAYS_SEARCH_USER_PATHS = NO;
				ASSETCATALOG_COMPILER_GENERATE_SWIFT_ASSET_SYMBOL_EXTENSIONS = YES;
				CLANG_ANALYZER_NONNULL = YES;
				CLANG_ANALYZER_NUMBER_OBJECT_CONVERSION = YES_AGGRESSIVE;
				CLANG_CXX_LANGUAGE_STANDARD = "gnu++20";
				CLANG_ENABLE_MODULES = YES;
				CLANG_ENABLE_OBJC_ARC = YES;
				CLANG_ENABLE_OBJC_WEAK = YES;
				CLANG_WARN_BLOCK_CAPTURE_AUTORELEASING = YES;
				CLANG_WARN_BOOL_CONVERSION = YES;
				CLANG_WARN_COMMA = YES;
				CLANG_WARN_CONSTANT_CONVERSION = YES;
				CLANG_WARN_DEPRECATED_OBJC_IMPLEMENTATIONS = YES;
				CLANG_WARN_DIRECT_OBJC_ISA_USAGE = YES_ERROR;
				CLANG_WARN_DOCUMENTATION_COMMENTS = YES;
				CLANG_WARN_EMPTY_BODY = YES;
				CLANG_WARN_ENUM_CONVERSION = YES;
				CLANG_WARN_INFINITE_RECURSION = YES;
				CLANG_WARN_INT_CONVERSION = YES;
				CLANG_WARN_NON_LITERAL_NULL_CONVERSION = YES;
				CLANG_WARN_OBJC_IMPLICIT_RETAIN_SELF = YES;
				CLANG_WARN_OBJC_LITERAL_CONVERSION = YES;
				CLANG_WARN_OBJC_ROOT_CLASS = YES_ERROR;
				CLANG_WARN_QUOTED_INCLUDE_IN_FRAMEWORK_HEADER = YES;
				CLANG_WARN_RANGE_LOOP_ANALYSIS = YES;
				CLANG_WARN_STRICT_PROTOTYPES = YES;
				CLANG_WARN_SUSPICIOUS_MOVE = YES;
				CLANG_WARN_UNGUARDED_AVAILABILITY = YES_AGGRESSIVE;
				CLANG_WARN_UNREACHABLE_CODE = YES;
				CLANG_WARN__DUPLICATE_METHOD_MATCH = YES;
				COPY_PHASE_STRIP = NO;
				DEBUG_INFORMATION_FORMAT = "dwarf-with-dsym";
				ENABLE_NS_ASSERTIONS = NO;
				ENABLE_STRICT_OBJC_MSGSEND = YES;
				ENABLE_USER_SCRIPT_SANDBOXING = YES;
				GCC_C_LANGUAGE_STANDARD = gnu17;
				GCC_NO_COMMON_BLOCKS = YES;
				GCC_WARN_64_TO_32_BIT_CONVERSION = YES;
				GCC_WARN_ABOUT_RETURN_TYPE = YES_ERROR;
				GCC_WARN_UNDECLARED_SELECTOR = YES;
				GCC_WARN_UNINITIALIZED_AUTOS = YES_AGGRESSIVE;
				GCC_WARN_UNUSED_FUNCTION = YES;
				GCC_WARN_UNUSED_VARIABLE = YES;
				IPHONEOS_DEPLOYMENT_TARGET = 18.0;
				LOCALIZATION_PREFERS_STRING_CATALOGS = YES;
				MTL_ENABLE_DEBUG_INFO = NO;
				MTL_FAST_MATH = YES;
				SDKROOT = iphoneos;
				SWIFT_COMPILATION_MODE = wholemodule;
				SWIFT_VERSION = 6.0;
				VALIDATE_PRODUCT = YES;
			};
			name = Release;
		};
		3A1A4E712CB56A870095B3DC /* Debug */ = {
			isa = XCBuildConfiguration;
			buildSettings = {
				ASSETCATALOG_COMPILER_APPICON_NAME = AppIcon;
				ASSETCATALOG_COMPILER_GLOBAL_ACCENT_COLOR_NAME = AccentColor;
				CODE_SIGN_STYLE = Automatic;
				CURRENT_PROJECT_VERSION = 1;
				DEVELOPMENT_ASSET_PATHS = "\"Example/Preview Content\"";
				DEVELOPMENT_TEAM = W4XB3LVGBL;
				ENABLE_PREVIEWS = YES;
				ENABLE_USER_SCRIPT_SANDBOXING = NO;
				GENERATE_INFOPLIST_FILE = YES;
				INFOPLIST_FILE = Example/Info.plist;
				INFOPLIST_KEY_UIApplicationSceneManifest_Generation = YES;
				INFOPLIST_KEY_UIApplicationSupportsIndirectInputEvents = YES;
				INFOPLIST_KEY_UILaunchScreen_Generation = YES;
				INFOPLIST_KEY_UISupportedInterfaceOrientations_iPad = "UIInterfaceOrientationPortrait UIInterfaceOrientationPortraitUpsideDown UIInterfaceOrientationLandscapeLeft UIInterfaceOrientationLandscapeRight";
				INFOPLIST_KEY_UISupportedInterfaceOrientations_iPhone = "UIInterfaceOrientationPortrait UIInterfaceOrientationLandscapeLeft UIInterfaceOrientationLandscapeRight";
				IPHONEOS_DEPLOYMENT_TARGET = 16.0;
				LD_RUNPATH_SEARCH_PATHS = (
					"$(inherited)",
					"@executable_path/Frameworks",
				);
				MARKETING_VERSION = 1.0;
				PRODUCT_BUNDLE_IDENTIFIER = "com.v-standard.staffstart.sdk.Example";
				PRODUCT_NAME = "$(TARGET_NAME)";
				SWIFT_EMIT_LOC_STRINGS = YES;
				SWIFT_VERSION = 6.0;
				TARGETED_DEVICE_FAMILY = "1,2";
			};
			name = Debug;
		};
		3A1A4E722CB56A870095B3DC /* Release */ = {
			isa = XCBuildConfiguration;
			buildSettings = {
				ASSETCATALOG_COMPILER_APPICON_NAME = AppIcon;
				ASSETCATALOG_COMPILER_GLOBAL_ACCENT_COLOR_NAME = AccentColor;
				CODE_SIGN_STYLE = Automatic;
				CURRENT_PROJECT_VERSION = 1;
				DEVELOPMENT_ASSET_PATHS = "\"Example/Preview Content\"";
				DEVELOPMENT_TEAM = W4XB3LVGBL;
				ENABLE_PREVIEWS = YES;
				ENABLE_USER_SCRIPT_SANDBOXING = NO;
				GENERATE_INFOPLIST_FILE = YES;
				INFOPLIST_FILE = Example/Info.plist;
				INFOPLIST_KEY_UIApplicationSceneManifest_Generation = YES;
				INFOPLIST_KEY_UIApplicationSupportsIndirectInputEvents = YES;
				INFOPLIST_KEY_UILaunchScreen_Generation = YES;
				INFOPLIST_KEY_UISupportedInterfaceOrientations_iPad = "UIInterfaceOrientationPortrait UIInterfaceOrientationPortraitUpsideDown UIInterfaceOrientationLandscapeLeft UIInterfaceOrientationLandscapeRight";
				INFOPLIST_KEY_UISupportedInterfaceOrientations_iPhone = "UIInterfaceOrientationPortrait UIInterfaceOrientationLandscapeLeft UIInterfaceOrientationLandscapeRight";
				IPHONEOS_DEPLOYMENT_TARGET = 16.0;
				LD_RUNPATH_SEARCH_PATHS = (
					"$(inherited)",
					"@executable_path/Frameworks",
				);
				MARKETING_VERSION = 1.0;
				PRODUCT_BUNDLE_IDENTIFIER = "com.v-standard.staffstart.sdk.Example";
				PRODUCT_NAME = "$(TARGET_NAME)";
				SWIFT_EMIT_LOC_STRINGS = YES;
				SWIFT_VERSION = 6.0;
				TARGETED_DEVICE_FAMILY = "1,2";
			};
			name = Release;
		};
		3A1A4E742CB56A870095B3DC /* Debug */ = {
			isa = XCBuildConfiguration;
			buildSettings = {
				BUNDLE_LOADER = "$(TEST_HOST)";
				CODE_SIGN_STYLE = Automatic;
				CURRENT_PROJECT_VERSION = 1;
				DEVELOPMENT_TEAM = W4XB3LVGBL;
				GENERATE_INFOPLIST_FILE = YES;
				IPHONEOS_DEPLOYMENT_TARGET = 18.0;
				MARKETING_VERSION = 1.0;
				PRODUCT_BUNDLE_IDENTIFIER = "com.v-standard.staffstart.sdk.ExampleTests";
				PRODUCT_NAME = "$(TARGET_NAME)";
				SWIFT_EMIT_LOC_STRINGS = NO;
				SWIFT_VERSION = 5.0;
				TARGETED_DEVICE_FAMILY = "1,2";
				TEST_HOST = "$(BUILT_PRODUCTS_DIR)/Example.app/$(BUNDLE_EXECUTABLE_FOLDER_PATH)/Example";
			};
			name = Debug;
		};
		3A1A4E752CB56A870095B3DC /* Release */ = {
			isa = XCBuildConfiguration;
			buildSettings = {
				BUNDLE_LOADER = "$(TEST_HOST)";
				CODE_SIGN_STYLE = Automatic;
				CURRENT_PROJECT_VERSION = 1;
				DEVELOPMENT_TEAM = W4XB3LVGBL;
				GENERATE_INFOPLIST_FILE = YES;
				IPHONEOS_DEPLOYMENT_TARGET = 18.0;
				MARKETING_VERSION = 1.0;
				PRODUCT_BUNDLE_IDENTIFIER = "com.v-standard.staffstart.sdk.ExampleTests";
				PRODUCT_NAME = "$(TARGET_NAME)";
				SWIFT_EMIT_LOC_STRINGS = NO;
				SWIFT_VERSION = 5.0;
				TARGETED_DEVICE_FAMILY = "1,2";
				TEST_HOST = "$(BUILT_PRODUCTS_DIR)/Example.app/$(BUNDLE_EXECUTABLE_FOLDER_PATH)/Example";
			};
			name = Release;
		};
		3A1A4E772CB56A870095B3DC /* Debug */ = {
			isa = XCBuildConfiguration;
			buildSettings = {
				CODE_SIGN_STYLE = Automatic;
				CURRENT_PROJECT_VERSION = 1;
				DEVELOPMENT_TEAM = W4XB3LVGBL;
				GENERATE_INFOPLIST_FILE = YES;
				IPHONEOS_DEPLOYMENT_TARGET = 16.0;
				MARKETING_VERSION = 1.0;
				PRODUCT_BUNDLE_IDENTIFIER = "com.v-standard.staffstart.sdk.ExampleUITests";
				PRODUCT_NAME = "$(TARGET_NAME)";
				SWIFT_EMIT_LOC_STRINGS = NO;
				SWIFT_VERSION = 5.0;
				TARGETED_DEVICE_FAMILY = "1,2";
				TEST_TARGET_NAME = Example;
			};
			name = Debug;
		};
		3A1A4E782CB56A870095B3DC /* Release */ = {
			isa = XCBuildConfiguration;
			buildSettings = {
				CODE_SIGN_STYLE = Automatic;
				CURRENT_PROJECT_VERSION = 1;
				DEVELOPMENT_TEAM = W4XB3LVGBL;
				GENERATE_INFOPLIST_FILE = YES;
				IPHONEOS_DEPLOYMENT_TARGET = 16.0;
				MARKETING_VERSION = 1.0;
				PRODUCT_BUNDLE_IDENTIFIER = "com.v-standard.staffstart.sdk.ExampleUITests";
				PRODUCT_NAME = "$(TARGET_NAME)";
				SWIFT_EMIT_LOC_STRINGS = NO;
				SWIFT_VERSION = 5.0;
				TARGETED_DEVICE_FAMILY = "1,2";
				TEST_TARGET_NAME = Example;
			};
			name = Release;
		};
/* End XCBuildConfiguration section */

/* Begin XCConfigurationList section */
		3A1A4E472CB56A860095B3DC /* Build configuration list for PBXProject "Example" */ = {
			isa = XCConfigurationList;
			buildConfigurations = (
				3A1A4E6E2CB56A870095B3DC /* Debug */,
				3A1A4E6F2CB56A870095B3DC /* Release */,
			);
			defaultConfigurationIsVisible = 0;
			defaultConfigurationName = Release;
		};
		3A1A4E702CB56A870095B3DC /* Build configuration list for PBXNativeTarget "Example" */ = {
			isa = XCConfigurationList;
			buildConfigurations = (
				3A1A4E712CB56A870095B3DC /* Debug */,
				3A1A4E722CB56A870095B3DC /* Release */,
			);
			defaultConfigurationIsVisible = 0;
			defaultConfigurationName = Release;
		};
		3A1A4E732CB56A870095B3DC /* Build configuration list for PBXNativeTarget "ExampleTests" */ = {
			isa = XCConfigurationList;
			buildConfigurations = (
				3A1A4E742CB56A870095B3DC /* Debug */,
				3A1A4E752CB56A870095B3DC /* Release */,
			);
			defaultConfigurationIsVisible = 0;
			defaultConfigurationName = Release;
		};
		3A1A4E762CB56A870095B3DC /* Build configuration list for PBXNativeTarget "ExampleUITests" */ = {
			isa = XCConfigurationList;
			buildConfigurations = (
				3A1A4E772CB56A870095B3DC /* Debug */,
				3A1A4E782CB56A870095B3DC /* Release */,
			);
			defaultConfigurationIsVisible = 0;
			defaultConfigurationName = Release;
		};
/* End XCConfigurationList section */
	};
	rootObject = 3A1A4E442CB56A860095B3DC /* Project object */;
}
